<?xml version="1.0" encoding="utf-8"?>
<Project ToolsVersion="4.0" xmlns="http://schemas.microsoft.com/developer/msbuild/2003">
  <ItemGroup>
    <Filter Include="소스 파일">
      <UniqueIdentifier>{4FC737F1-C7A5-4376-A066-2A32D752A2FF}</UniqueIdentifier>
      <Extensions>cpp;c;cc;cxx;c++;cppm;ixx;def;odl;idl;hpj;bat;asm;asmx</Extensions>
    </Filter>
    <Filter Include="헤더 파일">
      <UniqueIdentifier>{93995380-89BD-4b04-88EB-625FBE52EBFB}</UniqueIdentifier>
      <Extensions>h;hh;hpp;hxx;h++;hm;inl;inc;ipp;xsd</Extensions>
    </Filter>
    <Filter Include="리소스 파일">
      <UniqueIdentifier>{67DA6AB6-F800-4c08-8B7A-83BB121AAD01}</UniqueIdentifier>
      <Extensions>rc;ico;cur;bmp;dlg;rc2;rct;bin;rgs;gif;jpg;jpeg;jpe;resx;tiff;tif;png;wav;mfcribbon-ms</Extensions>
    </Filter>
    <Filter Include="헤더 파일\02_Array">
      <UniqueIdentifier>{39f7d144-ee67-40dc-8f93-fba472c4ebf7}</UniqueIdentifier>
    </Filter>
    <Filter Include="헤더 파일\03_StackAndQueue">
      <UniqueIdentifier>{0cf7c1e5-860f-46c1-8189-417c838d4f7c}</UniqueIdentifier>
    </Filter>
    <Filter Include="헤더 파일\03_StackAndQueue\3.4 Subtype And Inheritance">
      <UniqueIdentifier>{9a5abec2-8e72-4856-a570-c15ae18c3972}</UniqueIdentifier>
    </Filter>
    <Filter Include="헤더 파일\03_StackAndQueue\3.3 Queue">
      <UniqueIdentifier>{881d03c6-82c4-4388-a43c-a6909103b79c}</UniqueIdentifier>
    </Filter>
    <Filter Include="헤더 파일\03_StackAndQueue\3.2 Stack">
      <UniqueIdentifier>{235d36da-d939-4712-9564-c5eb7e621a4a}</UniqueIdentifier>
    </Filter>
    <Filter Include="헤더 파일\03_StackAndQueue\3.5 Maze Problem">
      <UniqueIdentifier>{d31b44db-295b-4450-9133-0440b2e3876e}</UniqueIdentifier>
    </Filter>
    <Filter Include="헤더 파일\03_StackAndQueue\3.6 Expression">
      <UniqueIdentifier>{9f0a838a-e8d6-411b-a3ec-d2d15d102a99}</UniqueIdentifier>
    </Filter>
    <Filter Include="헤더 파일\04_LinkedList">
      <UniqueIdentifier>{87b6c20e-8780-43a3-a648-bb8050b3d572}</UniqueIdentifier>
    </Filter>
    <Filter Include="헤더 파일\04_LinkedList\4.2 Chain Representation">
      <UniqueIdentifier>{4fab43c8-b142-43ec-8f0f-43eccc0069e5}</UniqueIdentifier>
    </Filter>
  </ItemGroup>
  <ItemGroup>
    <ClCompile Include="SparseMatrix.h">
      <Filter>헤더 파일\02_Array</Filter>
    </ClCompile>
    <ClCompile Include="StringKMP.h">
      <Filter>헤더 파일\02_Array</Filter>
    </ClCompile>
    <ClCompile Include="main.cpp">
      <Filter>소스 파일</Filter>
    </ClCompile>
    <ClCompile Include="QueueFromBag.h">
      <Filter>헤더 파일\03_StackAndQueue\3.4 Subtype And Inheritance</Filter>
    </ClCompile>
  </ItemGroup>
  <ItemGroup>
    <ClInclude Include="Queue.h">
      <Filter>헤더 파일\03_StackAndQueue\3.3 Queue</Filter>
    </ClInclude>
    <ClInclude Include="Deque.h">
      <Filter>헤더 파일\03_StackAndQueue\3.3 Queue</Filter>
    </ClInclude>
    <ClInclude Include="Stack.h">
      <Filter>헤더 파일\03_StackAndQueue\3.2 Stack</Filter>
    </ClInclude>
    <ClInclude Include="Bag.h">
      <Filter>헤더 파일\03_StackAndQueue\3.4 Subtype And Inheritance</Filter>
    </ClInclude>
    <ClInclude Include="StackFromBag.h">
      <Filter>헤더 파일\03_StackAndQueue\3.4 Subtype And Inheritance</Filter>
    </ClInclude>
    <ClInclude Include="MyMaze.h">
      <Filter>헤더 파일\03_StackAndQueue\3.5 Maze Problem</Filter>
    </ClInclude>
    <ClInclude Include="MazeImproved.h">
      <Filter>헤더 파일\03_StackAndQueue\3.5 Maze Problem</Filter>
    </ClInclude>
    <ClInclude Include="PostFix.h">
      <Filter>헤더 파일\03_StackAndQueue\3.6 Expression</Filter>
    </ClInclude>
    <ClInclude Include="PreFix.h">
      <Filter>헤더 파일\03_StackAndQueue\3.6 Expression</Filter>
    </ClInclude>
    <ClInclude Include="ChainList.h">
      <Filter>헤더 파일\04_LinkedList\4.2 Chain Representation</Filter>
    </ClInclude>
  </ItemGroup>
</Project>